// !$*UTF8*$!
{
	archiveVersion = 1;
	classes = {
	};
	objectVersion = 46;
	objects = {

/* Begin PBXBuildFile section */
		181AA53215867DA300EA1A9A /* icon-placeholder.png in Resources */ = {isa = PBXBuildFile; fileRef = 181AA53115867DA300EA1A9A /* icon-placeholder.png */; };
		181AA53715867E9500EA1A9A /* FullImageViewController.m in Sources */ = {isa = PBXBuildFile; fileRef = 181AA53515867E9500EA1A9A /* FullImageViewController.m */; };
		181AA53815867E9500EA1A9A /* FullImageViewController.xib in Resources */ = {isa = PBXBuildFile; fileRef = 181AA53615867E9500EA1A9A /* FullImageViewController.xib */; };
		181AA541158680F500EA1A9A /* CatagoryView.m in Sources */ = {isa = PBXBuildFile; fileRef = 181AA53F158680F500EA1A9A /* CatagoryView.m */; };
		181AA542158680F500EA1A9A /* CatagoryView.xib in Resources */ = {isa = PBXBuildFile; fileRef = 181AA540158680F500EA1A9A /* CatagoryView.xib */; };
		181BCA051587E079004D6E36 /* Default.png in Resources */ = {isa = PBXBuildFile; fileRef = 181BCA031587E079004D6E36 /* Default.png */; };
		181BCA061587E079004D6E36 /* Default@2x.png in Resources */ = {isa = PBXBuildFile; fileRef = 181BCA041587E079004D6E36 /* Default@2x.png */; };
		18C115741584B4C5005139CF /* FBDialog.bundle in Resources */ = {isa = PBXBuildFile; fileRef = 18C1156B1584B4C5005139CF /* FBDialog.bundle */; };
		18C115751584B4C5005139CF /* Facebook.m in Sources */ = {isa = PBXBuildFile; fileRef = 18C1156C1584B4C5005139CF /* Facebook.m */; };
		18C115761584B4C5005139CF /* FBDialog.m in Sources */ = {isa = PBXBuildFile; fileRef = 18C1156F1584B4C5005139CF /* FBDialog.m */; };
		18C115771584B4C5005139CF /* FBLoginDialog.m in Sources */ = {isa = PBXBuildFile; fileRef = 18C115711584B4C5005139CF /* FBLoginDialog.m */; };
		18C115781584B4C5005139CF /* FBRequest.m in Sources */ = {isa = PBXBuildFile; fileRef = 18C115731584B4C5005139CF /* FBRequest.m */; };
		18D825FD158CDC7700228845 /* FBFriendView.m in Sources */ = {isa = PBXBuildFile; fileRef = 18D825FC158CDC7700228845 /* FBFriendView.m */; };
		18D82601158CDD2100228845 /* FBFriendBiew.xib in Resources */ = {isa = PBXBuildFile; fileRef = 18D82600158CDD2100228845 /* FBFriendBiew.xib */; };
		18D82605158CE03F00228845 /* InviteFriendViewControllerViewController.m in Sources */ = {isa = PBXBuildFile; fileRef = 18D82603158CE03F00228845 /* InviteFriendViewControllerViewController.m */; };
		18D82606158CE03F00228845 /* InviteFriendViewControllerViewController.xib in Resources */ = {isa = PBXBuildFile; fileRef = 18D82604158CE03F00228845 /* InviteFriendViewControllerViewController.xib */; };
		18D8260A158CE49B00228845 /* InviteTableViewCellCell.m in Sources */ = {isa = PBXBuildFile; fileRef = 18D82609158CE49B00228845 /* InviteTableViewCellCell.m */; };
		18D8260D158CE4E500228845 /* InviteTableViewCell.xib in Resources */ = {isa = PBXBuildFile; fileRef = 18D8260C158CE4E500228845 /* InviteTableViewCell.xib */; };
		18D82610158D06DC00228845 /* AddressBook.framework in Frameworks */ = {isa = PBXBuildFile; fileRef = 18D8260E158D06DC00228845 /* AddressBook.framework */; };
		18D82611158D06DC00228845 /* AddressBookUI.framework in Frameworks */ = {isa = PBXBuildFile; fileRef = 18D8260F158D06DC00228845 /* AddressBookUI.framework */; };
		18D82618158D1E3900228845 /* check_empty_new.png in Resources */ = {isa = PBXBuildFile; fileRef = 18D82616158D1E3900228845 /* check_empty_new.png */; };
		18D82619158D1E3900228845 /* check_filled_new.png in Resources */ = {isa = PBXBuildFile; fileRef = 18D82617158D1E3900228845 /* check_filled_new.png */; };
		18D8261F158D349400228845 /* MessageUI.framework in Frameworks */ = {isa = PBXBuildFile; fileRef = 18D8261E158D349300228845 /* MessageUI.framework */; };
		18D97C9815877AC7004572B4 /* NewEventViewController.m in Sources */ = {isa = PBXBuildFile; fileRef = 18D97C9615877AC6004572B4 /* NewEventViewController.m */; };
		18D97C9915877AC7004572B4 /* NewEventViewController.xib in Resources */ = {isa = PBXBuildFile; fileRef = 18D97C9715877AC6004572B4 /* NewEventViewController.xib */; };
		18D97CAA15878A58004572B4 /* EGORefreshTableHeaderView.m in Sources */ = {isa = PBXBuildFile; fileRef = 18D97CA915878A58004572B4 /* EGORefreshTableHeaderView.m */; };
		18DB137B15827D090053FB5C /* AssetsLibrary.framework in Frameworks */ = {isa = PBXBuildFile; fileRef = 18DB137A15827D090053FB5C /* AssetsLibrary.framework */; };
		18E3FA5215890FDE00A2D254 /* CustomDatePickerView.m in Sources */ = {isa = PBXBuildFile; fileRef = 18E3FA5115890FDE00A2D254 /* CustomDatePickerView.m */; };
		18F1D2411583DAFD00B4E9A9 /* CoreLocation.framework in Frameworks */ = {isa = PBXBuildFile; fileRef = 18F1D2401583DAFD00B4E9A9 /* CoreLocation.framework */; };
		18F1D2451583F3F900B4E9A9 /* NSData+Base64.m in Sources */ = {isa = PBXBuildFile; fileRef = 18F1D2431583F3F900B4E9A9 /* NSData+Base64.m */; };
		18F1D26F15840C5A00B4E9A9 /* LoginViewControllerViewController.m in Sources */ = {isa = PBXBuildFile; fileRef = 18F1D26D15840C5A00B4E9A9 /* LoginViewControllerViewController.m */; };
		18F1D27015840C5A00B4E9A9 /* LoginViewControllerViewController.xib in Resources */ = {isa = PBXBuildFile; fileRef = 18F1D26E15840C5A00B4E9A9 /* LoginViewControllerViewController.xib */; };
		18F1D2B015840D8000B4E9A9 /* FBConnect.bundle in Resources */ = {isa = PBXBuildFile; fileRef = 18F1D2AF15840D8000B4E9A9 /* FBConnect.bundle */; };
		18F1D2D015840DA500B4E9A9 /* NSObject+SBJSON.m in Sources */ = {isa = PBXBuildFile; fileRef = 18F1D2C515840DA500B4E9A9 /* NSObject+SBJSON.m */; };
		18F1D2D115840DA500B4E9A9 /* NSString+SBJSON.m in Sources */ = {isa = PBXBuildFile; fileRef = 18F1D2C715840DA500B4E9A9 /* NSString+SBJSON.m */; };
		18F1D2D215840DA500B4E9A9 /* SBJSON.m in Sources */ = {isa = PBXBuildFile; fileRef = 18F1D2C915840DA500B4E9A9 /* SBJSON.m */; };
		18F1D2D315840DA500B4E9A9 /* SBJsonBase.m in Sources */ = {isa = PBXBuildFile; fileRef = 18F1D2CB15840DA500B4E9A9 /* SBJsonBase.m */; };
		18F1D2D415840DA500B4E9A9 /* SBJsonParser.m in Sources */ = {isa = PBXBuildFile; fileRef = 18F1D2CD15840DA500B4E9A9 /* SBJsonParser.m */; };
		18F1D2D515840DA500B4E9A9 /* SBJsonWriter.m in Sources */ = {isa = PBXBuildFile; fileRef = 18F1D2CF15840DA500B4E9A9 /* SBJsonWriter.m */; };
		18F1D2DA15840E8600B4E9A9 /* DataSet.m in Sources */ = {isa = PBXBuildFile; fileRef = 18F1D2D915840E8600B4E9A9 /* DataSet.m */; };
		18F1D2E6158411D600B4E9A9 /* FBLoginButton.m in Sources */ = {isa = PBXBuildFile; fileRef = 18F1D2E5158411D600B4E9A9 /* FBLoginButton.m */; };
		1C83111E158A0C21002F2991 /* EventViewCell.m in Sources */ = {isa = PBXBuildFile; fileRef = 1C83111D158A0C21002F2991 /* EventViewCell.m */; };
		1C831126158A0D25002F2991 /* EventCellView.xib in Resources */ = {isa = PBXBuildFile; fileRef = 1C831125158A0D25002F2991 /* EventCellView.xib */; };
		5D96369C1585033B00CF429A /* AddEventViewController.m in Sources */ = {isa = PBXBuildFile; fileRef = 5D96369A1585033B00CF429A /* AddEventViewController.m */; };
		5D96369D1585033B00CF429A /* AddEventViewController.xib in Resources */ = {isa = PBXBuildFile; fileRef = 5D96369B1585033B00CF429A /* AddEventViewController.xib */; };
		5D9636A11585063200CF429A /* ModalController.m in Sources */ = {isa = PBXBuildFile; fileRef = 5D96369F1585063100CF429A /* ModalController.m */; };
		5D9636AA15851B6600CF429A /* XMLReader.m in Sources */ = {isa = PBXBuildFile; fileRef = 5D9636A915851B6600CF429A /* XMLReader.m */; };
		5D9636B11585207200CF429A /* expiring_assets_count.png in Resources */ = {isa = PBXBuildFile; fileRef = 5D9636B01585207200CF429A /* expiring_assets_count.png */; };
		5D9636BC15852BCF00CF429A /* EGOCache.m in Sources */ = {isa = PBXBuildFile; fileRef = 5D9636B315852BCD00CF429A /* EGOCache.m */; };
		5D9636BD15852BCF00CF429A /* EGOImageLoader.m in Sources */ = {isa = PBXBuildFile; fileRef = 5D9636B615852BCD00CF429A /* EGOImageLoader.m */; };
		5D9636BE15852BCF00CF429A /* EGOImageLoadConnection.m in Sources */ = {isa = PBXBuildFile; fileRef = 5D9636B815852BCE00CF429A /* EGOImageLoadConnection.m */; };
		5D9636BF15852BCF00CF429A /* EGOImageButton.m in Sources */ = {isa = PBXBuildFile; fileRef = 5D9636B915852BCE00CF429A /* EGOImageButton.m */; };
		5D9636C015852BCF00CF429A /* EGOImageView.m in Sources */ = {isa = PBXBuildFile; fileRef = 5D9636BB15852BCE00CF429A /* EGOImageView.m */; };
		5DE32F9E15814AA900733C0E /* UIKit.framework in Frameworks */ = {isa = PBXBuildFile; fileRef = 5DE32F9D15814AA900733C0E /* UIKit.framework */; };
		5DE32FA015814AA900733C0E /* Foundation.framework in Frameworks */ = {isa = PBXBuildFile; fileRef = 5DE32F9F15814AA900733C0E /* Foundation.framework */; };
		5DE32FA215814AA900733C0E /* CoreGraphics.framework in Frameworks */ = {isa = PBXBuildFile; fileRef = 5DE32FA115814AA900733C0E /* CoreGraphics.framework */; };
		5DE32FA815814AA900733C0E /* InfoPlist.strings in Resources */ = {isa = PBXBuildFile; fileRef = 5DE32FA615814AA900733C0E /* InfoPlist.strings */; };
		5DE32FAA15814AA900733C0E /* main.m in Sources */ = {isa = PBXBuildFile; fileRef = 5DE32FA915814AA900733C0E /* main.m */; };
		5DE32FAE15814AA900733C0E /* AppDelegate.m in Sources */ = {isa = PBXBuildFile; fileRef = 5DE32FAD15814AA900733C0E /* AppDelegate.m */; };
		5DE32FB715814B7000733C0E /* SplashScreenController.m in Sources */ = {isa = PBXBuildFile; fileRef = 5DE32FB515814B7000733C0E /* SplashScreenController.m */; };
		5DE32FB815814B7000733C0E /* SplashScreenController.xib in Resources */ = {isa = PBXBuildFile; fileRef = 5DE32FB615814B7000733C0E /* SplashScreenController.xib */; };
		5DE32FBD15814BB500733C0E /* UploadViewController.m in Sources */ = {isa = PBXBuildFile; fileRef = 5DE32FBB15814BB500733C0E /* UploadViewController.m */; };
		5DE32FBE15814BB500733C0E /* UploadViewController.xib in Resources */ = {isa = PBXBuildFile; fileRef = 5DE32FBC15814BB500733C0E /* UploadViewController.xib */; };
		5DE32FC315814C0000733C0E /* EventViewController.m in Sources */ = {isa = PBXBuildFile; fileRef = 5DE32FC115814C0000733C0E /* EventViewController.m */; };
		5DE32FC415814C0000733C0E /* EventViewController.xib in Resources */ = {isa = PBXBuildFile; fileRef = 5DE32FC215814C0000733C0E /* EventViewController.xib */; };
		5DE32FC715814D1900733C0E /* 167-upload-photo.png in Resources */ = {isa = PBXBuildFile; fileRef = 5DE32FC615814D1900733C0E /* 167-upload-photo.png */; };
		5DE32FC915814DFD00733C0E /* 15-tags.png in Resources */ = {isa = PBXBuildFile; fileRef = 5DE32FC815814DFD00733C0E /* 15-tags.png */; };
		5DE32FCC15814F8800733C0E /* LivePix.jpg in Resources */ = {isa = PBXBuildFile; fileRef = 5DE32FCB15814F8800733C0E /* LivePix.jpg */; };
		5DE32FD21581504800733C0E /* QuartzCore.framework in Frameworks */ = {isa = PBXBuildFile; fileRef = 5DE32FD11581504800733C0E /* QuartzCore.framework */; };
		5DE32FD51581518800733C0E /* MBProgressHUD.m in Sources */ = {isa = PBXBuildFile; fileRef = 5DE32FD41581518800733C0E /* MBProgressHUD.m */; };
		5DE32FF015815DE300733C0E /* Reachability.m in Sources */ = {isa = PBXBuildFile; fileRef = 5DE32FE115815DDE00733C0E /* Reachability.m */; };
		5DE32FF115815DE300733C0E /* ASIAuthenticationDialog.m in Sources */ = {isa = PBXBuildFile; fileRef = 5DE32FE215815DDF00733C0E /* ASIAuthenticationDialog.m */; };
		5DE32FF215815DE300733C0E /* ASIFormDataRequest.m in Sources */ = {isa = PBXBuildFile; fileRef = 5DE32FE415815DDF00733C0E /* ASIFormDataRequest.m */; };
		5DE32FF315815DE300733C0E /* ASIHTTPRequest.m in Sources */ = {isa = PBXBuildFile; fileRef = 5DE32FE615815DE000733C0E /* ASIHTTPRequest.m */; };
		5DE32FF415815DE300733C0E /* ASIInputStream.m in Sources */ = {isa = PBXBuildFile; fileRef = 5DE32FEA15815DE100733C0E /* ASIInputStream.m */; };
		5DE32FF515815DE300733C0E /* ASINetworkQueue.m in Sources */ = {isa = PBXBuildFile; fileRef = 5DE32FEC15815DE200733C0E /* ASINetworkQueue.m */; };
		5DE32FF615815DE300733C0E /* ASINSStringAdditions.m in Sources */ = {isa = PBXBuildFile; fileRef = 5DE32FEE15815DE200733C0E /* ASINSStringAdditions.m */; };
		5DE32FFD1581617D00733C0E /* magetest.png in Resources */ = {isa = PBXBuildFile; fileRef = 5DE32FFC1581617B00733C0E /* magetest.png */; };
		5DE32FFF1581623700733C0E /* CoreMedia.framework in Frameworks */ = {isa = PBXBuildFile; fileRef = 5DE32FFE1581623700733C0E /* CoreMedia.framework */; };
		5DE330011581624200733C0E /* SystemConfiguration.framework in Frameworks */ = {isa = PBXBuildFile; fileRef = 5DE330001581624200733C0E /* SystemConfiguration.framework */; };
		5DE330031581624700733C0E /* Security.framework in Frameworks */ = {isa = PBXBuildFile; fileRef = 5DE330021581624700733C0E /* Security.framework */; };
		5DE330051581625D00733C0E /* libxml2.dylib in Frameworks */ = {isa = PBXBuildFile; fileRef = 5DE330041581625D00733C0E /* libxml2.dylib */; };
		5DE330071581626A00733C0E /* libz.dylib in Frameworks */ = {isa = PBXBuildFile; fileRef = 5DE330061581626900733C0E /* libz.dylib */; };
		5DE330091581627100733C0E /* CFNetwork.framework in Frameworks */ = {isa = PBXBuildFile; fileRef = 5DE330081581627100733C0E /* CFNetwork.framework */; };
		5DE3300B1581629A00733C0E /* MobileCoreServices.framework in Frameworks */ = {isa = PBXBuildFile; fileRef = 5DE3300A1581629A00733C0E /* MobileCoreServices.framework */; };
		5DE3300D158172BA00733C0E /* icon.png in Resources */ = {isa = PBXBuildFile; fileRef = 5DE3300C158172B900733C0E /* icon.png */; };
		5DEC00CF15866CF8003006AF /* ELCAlbumPickerController.xib in Resources */ = {isa = PBXBuildFile; fileRef = 5DEC00BF15866CF8003006AF /* ELCAlbumPickerController.xib */; };
		5DEC00D015866CF8003006AF /* ELCAssetTablePicker.xib in Resources */ = {isa = PBXBuildFile; fileRef = 5DEC00C015866CF8003006AF /* ELCAssetTablePicker.xib */; };
		5DEC00D115866CF8003006AF /* ELCAssetPicker.xib in Resources */ = {isa = PBXBuildFile; fileRef = 5DEC00C115866CF8003006AF /* ELCAssetPicker.xib */; };
		5DEC00D215866CF8003006AF /* Overlay.png in Resources */ = {isa = PBXBuildFile; fileRef = 5DEC00C215866CF8003006AF /* Overlay.png */; };
		5DEC00D315866CF8003006AF /* Overlay@2x.png in Resources */ = {isa = PBXBuildFile; fileRef = 5DEC00C315866CF8003006AF /* Overlay@2x.png */; };
		5DEC00D415866CF8003006AF /* ELCAlbumPickerController.m in Sources */ = {isa = PBXBuildFile; fileRef = 5DEC00C515866CF8003006AF /* ELCAlbumPickerController.m */; };
		5DEC00D515866CF8003006AF /* ELCAssetTablePicker.m in Sources */ = {isa = PBXBuildFile; fileRef = 5DEC00C715866CF8003006AF /* ELCAssetTablePicker.m */; };
		5DEC00D615866CF8003006AF /* ELCAsset.m in Sources */ = {isa = PBXBuildFile; fileRef = 5DEC00C915866CF8003006AF /* ELCAsset.m */; };
		5DEC00D715866CF8003006AF /* ELCAssetCell.m in Sources */ = {isa = PBXBuildFile; fileRef = 5DEC00CB15866CF8003006AF /* ELCAssetCell.m */; };
		5DEC00D815866CF8003006AF /* ELCImagePickerController.m in Sources */ = {isa = PBXBuildFile; fileRef = 5DEC00CD15866CF8003006AF /* ELCImagePickerController.m */; };
		5DEC00D915866CF8003006AF /* ELCImagePickerController.xib in Resources */ = {isa = PBXBuildFile; fileRef = 5DEC00CE15866CF8003006AF /* ELCImagePickerController.xib */; };
/* End PBXBuildFile section */

/* Begin PBXFileReference section */
		181AA53115867DA300EA1A9A /* icon-placeholder.png */ = {isa = PBXFileReference; lastKnownFileType = image.png; path = "icon-placeholder.png"; sourceTree = "<group>"; };
		181AA53415867E9500EA1A9A /* FullImageViewController.h */ = {isa = PBXFileReference; fileEncoding = 4; lastKnownFileType = sourcecode.c.h; name = FullImageViewController.h; path = LivePix/FullImageViewController/FullImageViewController.h; sourceTree = "<group>"; };
		181AA53515867E9500EA1A9A /* FullImageViewController.m */ = {isa = PBXFileReference; fileEncoding = 4; lastKnownFileType = sourcecode.c.objc; name = FullImageViewController.m; path = LivePix/FullImageViewController/FullImageViewController.m; sourceTree = "<group>"; };
		181AA53615867E9500EA1A9A /* FullImageViewController.xib */ = {isa = PBXFileReference; fileEncoding = 4; lastKnownFileType = file.xib; name = FullImageViewController.xib; path = LivePix/FullImageViewController/FullImageViewController.xib; sourceTree = "<group>"; };
		181AA53E158680F500EA1A9A /* CatagoryView.h */ = {isa = PBXFileReference; fileEncoding = 4; lastKnownFileType = sourcecode.c.h; path = CatagoryView.h; sourceTree = "<group>"; };
		181AA53F158680F500EA1A9A /* CatagoryView.m */ = {isa = PBXFileReference; fileEncoding = 4; lastKnownFileType = sourcecode.c.objc; path = CatagoryView.m; sourceTree = "<group>"; };
		181AA540158680F500EA1A9A /* CatagoryView.xib */ = {isa = PBXFileReference; fileEncoding = 4; lastKnownFileType = file.xib; path = CatagoryView.xib; sourceTree = "<group>"; };
		181BCA031587E079004D6E36 /* Default.png */ = {isa = PBXFileReference; lastKnownFileType = image.png; name = Default.png; path = ../Default.png; sourceTree = "<group>"; };
		181BCA041587E079004D6E36 /* Default@2x.png */ = {isa = PBXFileReference; lastKnownFileType = image.png; name = "Default@2x.png"; path = "../Default@2x.png"; sourceTree = "<group>"; };
		18C115691584B4C5005139CF /* facebook_ios_sdk_Prefix.pch */ = {isa = PBXFileReference; fileEncoding = 4; lastKnownFileType = sourcecode.c.h; path = facebook_ios_sdk_Prefix.pch; sourceTree = "<group>"; };
		18C1156A1584B4C5005139CF /* Facebook.h */ = {isa = PBXFileReference; fileEncoding = 4; lastKnownFileType = sourcecode.c.h; path = Facebook.h; sourceTree = "<group>"; };
		18C1156B1584B4C5005139CF /* FBDialog.bundle */ = {isa = PBXFileReference; lastKnownFileType = "wrapper.plug-in"; path = FBDialog.bundle; sourceTree = "<group>"; };
		18C1156C1584B4C5005139CF /* Facebook.m */ = {isa = PBXFileReference; fileEncoding = 4; lastKnownFileType = sourcecode.c.objc; path = Facebook.m; sourceTree = "<group>"; };
		18C1156D1584B4C5005139CF /* FBConnect.h */ = {isa = PBXFileReference; fileEncoding = 4; lastKnownFileType = sourcecode.c.h; path = FBConnect.h; sourceTree = "<group>"; };
		18C1156E1584B4C5005139CF /* FBDialog.h */ = {isa = PBXFileReference; fileEncoding = 4; lastKnownFileType = sourcecode.c.h; path = FBDialog.h; sourceTree = "<group>"; };
		18C1156F1584B4C5005139CF /* FBDialog.m */ = {isa = PBXFileReference; fileEncoding = 4; lastKnownFileType = sourcecode.c.objc; path = FBDialog.m; sourceTree = "<group>"; };
		18C115701584B4C5005139CF /* FBLoginDialog.h */ = {isa = PBXFileReference; fileEncoding = 4; lastKnownFileType = sourcecode.c.h; path = FBLoginDialog.h; sourceTree = "<group>"; };
		18C115711584B4C5005139CF /* FBLoginDialog.m */ = {isa = PBXFileReference; fileEncoding = 4; lastKnownFileType = sourcecode.c.objc; path = FBLoginDialog.m; sourceTree = "<group>"; };
		18C115721584B4C5005139CF /* FBRequest.h */ = {isa = PBXFileReference; fileEncoding = 4; lastKnownFileType = sourcecode.c.h; path = FBRequest.h; sourceTree = "<group>"; };
		18C115731584B4C5005139CF /* FBRequest.m */ = {isa = PBXFileReference; fileEncoding = 4; lastKnownFileType = sourcecode.c.objc; path = FBRequest.m; sourceTree = "<group>"; };
		18D825FB158CDC7700228845 /* FBFriendView.h */ = {isa = PBXFileReference; fileEncoding = 4; lastKnownFileType = sourcecode.c.h; name = FBFriendView.h; path = FBFriendView/FBFriendView.h; sourceTree = "<group>"; };
		18D825FC158CDC7700228845 /* FBFriendView.m */ = {isa = PBXFileReference; fileEncoding = 4; lastKnownFileType = sourcecode.c.objc; name = FBFriendView.m; path = FBFriendView/FBFriendView.m; sourceTree = "<group>"; };
		18D82600158CDD2100228845 /* FBFriendBiew.xib */ = {isa = PBXFileReference; fileEncoding = 4; lastKnownFileType = file.xib; path = FBFriendBiew.xib; sourceTree = "<group>"; };
		18D82602158CE03F00228845 /* InviteFriendViewControllerViewController.h */ = {isa = PBXFileReference; fileEncoding = 4; lastKnownFileType = sourcecode.c.h; name = InviteFriendViewControllerViewController.h; path = InviteFriendViewController/InviteFriendViewControllerViewController.h; sourceTree = "<group>"; };
		18D82603158CE03F00228845 /* InviteFriendViewControllerViewController.m */ = {isa = PBXFileReference; fileEncoding = 4; lastKnownFileType = sourcecode.c.objc; name = InviteFriendViewControllerViewController.m; path = InviteFriendViewController/InviteFriendViewControllerViewController.m; sourceTree = "<group>"; };
		18D82604158CE03F00228845 /* InviteFriendViewControllerViewController.xib */ = {isa = PBXFileReference; fileEncoding = 4; lastKnownFileType = file.xib; name = InviteFriendViewControllerViewController.xib; path = InviteFriendViewController/InviteFriendViewControllerViewController.xib; sourceTree = "<group>"; };
		18D82608158CE49B00228845 /* InviteTableViewCellCell.h */ = {isa = PBXFileReference; fileEncoding = 4; lastKnownFileType = sourcecode.c.h; path = InviteTableViewCellCell.h; sourceTree = "<group>"; };
		18D82609158CE49B00228845 /* InviteTableViewCellCell.m */ = {isa = PBXFileReference; fileEncoding = 4; lastKnownFileType = sourcecode.c.objc; path = InviteTableViewCellCell.m; sourceTree = "<group>"; };
		18D8260C158CE4E500228845 /* InviteTableViewCell.xib */ = {isa = PBXFileReference; fileEncoding = 4; lastKnownFileType = file.xib; name = InviteTableViewCell.xib; path = InviteFriendViewController/InviteTableViewCell.xib; sourceTree = "<group>"; };
		18D8260E158D06DC00228845 /* AddressBook.framework */ = {isa = PBXFileReference; lastKnownFileType = wrapper.framework; name = AddressBook.framework; path = System/Library/Frameworks/AddressBook.framework; sourceTree = SDKROOT; };
		18D8260F158D06DC00228845 /* AddressBookUI.framework */ = {isa = PBXFileReference; lastKnownFileType = wrapper.framework; name = AddressBookUI.framework; path = System/Library/Frameworks/AddressBookUI.framework; sourceTree = SDKROOT; };
		18D82616158D1E3900228845 /* check_empty_new.png */ = {isa = PBXFileReference; lastKnownFileType = image.png; path = check_empty_new.png; sourceTree = "<group>"; };
		18D82617158D1E3900228845 /* check_filled_new.png */ = {isa = PBXFileReference; lastKnownFileType = image.png; path = check_filled_new.png; sourceTree = "<group>"; };
		18D8261E158D349300228845 /* MessageUI.framework */ = {isa = PBXFileReference; lastKnownFileType = wrapper.framework; name = MessageUI.framework; path = System/Library/Frameworks/MessageUI.framework; sourceTree = SDKROOT; };
		18D97C9515877AC6004572B4 /* NewEventViewController.h */ = {isa = PBXFileReference; fileEncoding = 4; lastKnownFileType = sourcecode.c.h; path = NewEventViewController.h; sourceTree = "<group>"; };
		18D97C9615877AC6004572B4 /* NewEventViewController.m */ = {isa = PBXFileReference; fileEncoding = 4; lastKnownFileType = sourcecode.c.objc; path = NewEventViewController.m; sourceTree = "<group>"; };
		18D97C9715877AC6004572B4 /* NewEventViewController.xib */ = {isa = PBXFileReference; fileEncoding = 4; lastKnownFileType = file.xib; path = NewEventViewController.xib; sourceTree = "<group>"; };
		18D97CA815878A58004572B4 /* EGORefreshTableHeaderView.h */ = {isa = PBXFileReference; fileEncoding = 4; lastKnownFileType = sourcecode.c.h; path = EGORefreshTableHeaderView.h; sourceTree = "<group>"; };
		18D97CA915878A58004572B4 /* EGORefreshTableHeaderView.m */ = {isa = PBXFileReference; fileEncoding = 4; lastKnownFileType = sourcecode.c.objc; path = EGORefreshTableHeaderView.m; sourceTree = "<group>"; };
		18DB137A15827D090053FB5C /* AssetsLibrary.framework */ = {isa = PBXFileReference; lastKnownFileType = wrapper.framework; name = AssetsLibrary.framework; path = System/Library/Frameworks/AssetsLibrary.framework; sourceTree = SDKROOT; };
		18E3FA5015890FDE00A2D254 /* CustomDatePickerView.h */ = {isa = PBXFileReference; fileEncoding = 4; lastKnownFileType = sourcecode.c.h; path = CustomDatePickerView.h; sourceTree = "<group>"; };
		18E3FA5115890FDE00A2D254 /* CustomDatePickerView.m */ = {isa = PBXFileReference; fileEncoding = 4; lastKnownFileType = sourcecode.c.objc; path = CustomDatePickerView.m; sourceTree = "<group>"; };
		18F1D2401583DAFD00B4E9A9 /* CoreLocation.framework */ = {isa = PBXFileReference; lastKnownFileType = wrapper.framework; name = CoreLocation.framework; path = System/Library/Frameworks/CoreLocation.framework; sourceTree = SDKROOT; };
		18F1D2431583F3F900B4E9A9 /* NSData+Base64.m */ = {isa = PBXFileReference; fileEncoding = 4; lastKnownFileType = sourcecode.c.objc; path = "NSData+Base64.m"; sourceTree = "<group>"; };
		18F1D2441583F3F900B4E9A9 /* NSData+Base64.h */ = {isa = PBXFileReference; fileEncoding = 4; lastKnownFileType = sourcecode.c.h; path = "NSData+Base64.h"; sourceTree = "<group>"; };
		18F1D26C15840C5A00B4E9A9 /* LoginViewControllerViewController.h */ = {isa = PBXFileReference; fileEncoding = 4; lastKnownFileType = sourcecode.c.h; name = LoginViewControllerViewController.h; path = LoginViewController/LoginViewControllerViewController.h; sourceTree = "<group>"; };
		18F1D26D15840C5A00B4E9A9 /* LoginViewControllerViewController.m */ = {isa = PBXFileReference; fileEncoding = 4; lastKnownFileType = sourcecode.c.objc; name = LoginViewControllerViewController.m; path = LoginViewController/LoginViewControllerViewController.m; sourceTree = "<group>"; };
		18F1D26E15840C5A00B4E9A9 /* LoginViewControllerViewController.xib */ = {isa = PBXFileReference; fileEncoding = 4; lastKnownFileType = file.xib; name = LoginViewControllerViewController.xib; path = LoginViewController/LoginViewControllerViewController.xib; sourceTree = "<group>"; };
		18F1D2AF15840D8000B4E9A9 /* FBConnect.bundle */ = {isa = PBXFileReference; lastKnownFileType = "wrapper.plug-in"; path = FBConnect.bundle; sourceTree = "<group>"; };
		18F1D2C315840DA500B4E9A9 /* JSON.h */ = {isa = PBXFileReference; fileEncoding = 4; lastKnownFileType = sourcecode.c.h; path = JSON.h; sourceTree = "<group>"; };
		18F1D2C415840DA500B4E9A9 /* NSObject+SBJSON.h */ = {isa = PBXFileReference; fileEncoding = 4; lastKnownFileType = sourcecode.c.h; path = "NSObject+SBJSON.h"; sourceTree = "<group>"; };
		18F1D2C515840DA500B4E9A9 /* NSObject+SBJSON.m */ = {isa = PBXFileReference; fileEncoding = 4; lastKnownFileType = sourcecode.c.objc; path = "NSObject+SBJSON.m"; sourceTree = "<group>"; };
		18F1D2C615840DA500B4E9A9 /* NSString+SBJSON.h */ = {isa = PBXFileReference; fileEncoding = 4; lastKnownFileType = sourcecode.c.h; path = "NSString+SBJSON.h"; sourceTree = "<group>"; };
		18F1D2C715840DA500B4E9A9 /* NSString+SBJSON.m */ = {isa = PBXFileReference; fileEncoding = 4; lastKnownFileType = sourcecode.c.objc; path = "NSString+SBJSON.m"; sourceTree = "<group>"; };
		18F1D2C815840DA500B4E9A9 /* SBJSON.h */ = {isa = PBXFileReference; fileEncoding = 4; lastKnownFileType = sourcecode.c.h; path = SBJSON.h; sourceTree = "<group>"; };
		18F1D2C915840DA500B4E9A9 /* SBJSON.m */ = {isa = PBXFileReference; fileEncoding = 4; lastKnownFileType = sourcecode.c.objc; path = SBJSON.m; sourceTree = "<group>"; };
		18F1D2CA15840DA500B4E9A9 /* SBJsonBase.h */ = {isa = PBXFileReference; fileEncoding = 4; lastKnownFileType = sourcecode.c.h; path = SBJsonBase.h; sourceTree = "<group>"; };
		18F1D2CB15840DA500B4E9A9 /* SBJsonBase.m */ = {isa = PBXFileReference; fileEncoding = 4; lastKnownFileType = sourcecode.c.objc; path = SBJsonBase.m; sourceTree = "<group>"; };
		18F1D2CC15840DA500B4E9A9 /* SBJsonParser.h */ = {isa = PBXFileReference; fileEncoding = 4; lastKnownFileType = sourcecode.c.h; path = SBJsonParser.h; sourceTree = "<group>"; };
		18F1D2CD15840DA500B4E9A9 /* SBJsonParser.m */ = {isa = PBXFileReference; fileEncoding = 4; lastKnownFileType = sourcecode.c.objc; path = SBJsonParser.m; sourceTree = "<group>"; };
		18F1D2CE15840DA500B4E9A9 /* SBJsonWriter.h */ = {isa = PBXFileReference; fileEncoding = 4; lastKnownFileType = sourcecode.c.h; path = SBJsonWriter.h; sourceTree = "<group>"; };
		18F1D2CF15840DA500B4E9A9 /* SBJsonWriter.m */ = {isa = PBXFileReference; fileEncoding = 4; lastKnownFileType = sourcecode.c.objc; path = SBJsonWriter.m; sourceTree = "<group>"; };
		18F1D2D815840E8600B4E9A9 /* DataSet.h */ = {isa = PBXFileReference; fileEncoding = 4; lastKnownFileType = sourcecode.c.h; path = DataSet.h; sourceTree = "<group>"; };
		18F1D2D915840E8600B4E9A9 /* DataSet.m */ = {isa = PBXFileReference; fileEncoding = 4; lastKnownFileType = sourcecode.c.objc; path = DataSet.m; sourceTree = "<group>"; };
		18F1D2E4158411D600B4E9A9 /* FBLoginButton.h */ = {isa = PBXFileReference; fileEncoding = 4; lastKnownFileType = sourcecode.c.h; path = FBLoginButton.h; sourceTree = "<group>"; };
		18F1D2E5158411D600B4E9A9 /* FBLoginButton.m */ = {isa = PBXFileReference; fileEncoding = 4; lastKnownFileType = sourcecode.c.objc; path = FBLoginButton.m; sourceTree = "<group>"; };
		1C83111C158A0C21002F2991 /* EventViewCell.h */ = {isa = PBXFileReference; fileEncoding = 4; lastKnownFileType = sourcecode.c.h; name = EventViewCell.h; path = EventCellView/EventViewCell.h; sourceTree = "<group>"; };
		1C83111D158A0C21002F2991 /* EventViewCell.m */ = {isa = PBXFileReference; fileEncoding = 4; lastKnownFileType = sourcecode.c.objc; name = EventViewCell.m; path = EventCellView/EventViewCell.m; sourceTree = "<group>"; };
		1C831125158A0D25002F2991 /* EventCellView.xib */ = {isa = PBXFileReference; fileEncoding = 4; lastKnownFileType = file.xib; path = EventCellView.xib; sourceTree = "<group>"; };
		5D9636941585024200CF429A /* Global.h */ = {isa = PBXFileReference; fileEncoding = 4; lastKnownFileType = sourcecode.c.h; name = Global.h; path = LivePix/Global/Global.h; sourceTree = "<group>"; };
		5D9636991585033B00CF429A /* AddEventViewController.h */ = {isa = PBXFileReference; fileEncoding = 4; lastKnownFileType = sourcecode.c.h; name = AddEventViewController.h; path = AddEventViewController/AddEventViewController.h; sourceTree = "<group>"; };
		5D96369A1585033B00CF429A /* AddEventViewController.m */ = {isa = PBXFileReference; fileEncoding = 4; lastKnownFileType = sourcecode.c.objc; name = AddEventViewController.m; path = AddEventViewController/AddEventViewController.m; sourceTree = "<group>"; };
		5D96369B1585033B00CF429A /* AddEventViewController.xib */ = {isa = PBXFileReference; fileEncoding = 4; lastKnownFileType = file.xib; name = AddEventViewController.xib; path = AddEventViewController/AddEventViewController.xib; sourceTree = "<group>"; };
		5D96369F1585063100CF429A /* ModalController.m */ = {isa = PBXFileReference; fileEncoding = 4; lastKnownFileType = sourcecode.c.objc; path = ModalController.m; sourceTree = "<group>"; };
		5D9636A01585063100CF429A /* ModalController.h */ = {isa = PBXFileReference; fileEncoding = 4; lastKnownFileType = sourcecode.c.h; path = ModalController.h; sourceTree = "<group>"; };
		5D9636A815851B6600CF429A /* XMLReader.h */ = {isa = PBXFileReference; fileEncoding = 4; lastKnownFileType = sourcecode.c.h; path = XMLReader.h; sourceTree = "<group>"; };
		5D9636A915851B6600CF429A /* XMLReader.m */ = {isa = PBXFileReference; fileEncoding = 4; lastKnownFileType = sourcecode.c.objc; path = XMLReader.m; sourceTree = "<group>"; };
		5D9636B01585207200CF429A /* expiring_assets_count.png */ = {isa = PBXFileReference; lastKnownFileType = image.png; path = expiring_assets_count.png; sourceTree = "<group>"; };
		5D9636B215852BCD00CF429A /* EGOCache.h */ = {isa = PBXFileReference; fileEncoding = 4; lastKnownFileType = sourcecode.c.h; path = EGOCache.h; sourceTree = "<group>"; };
		5D9636B315852BCD00CF429A /* EGOCache.m */ = {isa = PBXFileReference; fileEncoding = 4; lastKnownFileType = sourcecode.c.objc; path = EGOCache.m; sourceTree = "<group>"; };
		5D9636B415852BCD00CF429A /* EGOImageButton.h */ = {isa = PBXFileReference; fileEncoding = 4; lastKnownFileType = sourcecode.c.h; path = EGOImageButton.h; sourceTree = "<group>"; };
		5D9636B515852BCD00CF429A /* EGOImageLoader.h */ = {isa = PBXFileReference; fileEncoding = 4; lastKnownFileType = sourcecode.c.h; path = EGOImageLoader.h; sourceTree = "<group>"; };
		5D9636B615852BCD00CF429A /* EGOImageLoader.m */ = {isa = PBXFileReference; fileEncoding = 4; lastKnownFileType = sourcecode.c.objc; path = EGOImageLoader.m; sourceTree = "<group>"; };
		5D9636B715852BCE00CF429A /* EGOImageLoadConnection.h */ = {isa = PBXFileReference; fileEncoding = 4; lastKnownFileType = sourcecode.c.h; path = EGOImageLoadConnection.h; sourceTree = "<group>"; };
		5D9636B815852BCE00CF429A /* EGOImageLoadConnection.m */ = {isa = PBXFileReference; fileEncoding = 4; lastKnownFileType = sourcecode.c.objc; path = EGOImageLoadConnection.m; sourceTree = "<group>"; };
		5D9636B915852BCE00CF429A /* EGOImageButton.m */ = {isa = PBXFileReference; fileEncoding = 4; lastKnownFileType = sourcecode.c.objc; path = EGOImageButton.m; sourceTree = "<group>"; };
		5D9636BA15852BCE00CF429A /* EGOImageView.h */ = {isa = PBXFileReference; fileEncoding = 4; lastKnownFileType = sourcecode.c.h; path = EGOImageView.h; sourceTree = "<group>"; };
		5D9636BB15852BCE00CF429A /* EGOImageView.m */ = {isa = PBXFileReference; fileEncoding = 4; lastKnownFileType = sourcecode.c.objc; path = EGOImageView.m; sourceTree = "<group>"; };
		5DE32F9915814AA900733C0E /* LivePix.app */ = {isa = PBXFileReference; explicitFileType = wrapper.application; includeInIndex = 0; path = LivePix.app; sourceTree = BUILT_PRODUCTS_DIR; };
		5DE32F9D15814AA900733C0E /* UIKit.framework */ = {isa = PBXFileReference; lastKnownFileType = wrapper.framework; name = UIKit.framework; path = System/Library/Frameworks/UIKit.framework; sourceTree = SDKROOT; };
		5DE32F9F15814AA900733C0E /* Foundation.framework */ = {isa = PBXFileReference; lastKnownFileType = wrapper.framework; name = Foundation.framework; path = System/Library/Frameworks/Foundation.framework; sourceTree = SDKROOT; };
		5DE32FA115814AA900733C0E /* CoreGraphics.framework */ = {isa = PBXFileReference; lastKnownFileType = wrapper.framework; name = CoreGraphics.framework; path = System/Library/Frameworks/CoreGraphics.framework; sourceTree = SDKROOT; };
		5DE32FA515814AA900733C0E /* LivePix-Info.plist */ = {isa = PBXFileReference; lastKnownFileType = text.plist.xml; path = "LivePix-Info.plist"; sourceTree = "<group>"; };
		5DE32FA715814AA900733C0E /* en */ = {isa = PBXFileReference; lastKnownFileType = text.plist.strings; name = en; path = en.lproj/InfoPlist.strings; sourceTree = "<group>"; };
		5DE32FA915814AA900733C0E /* main.m */ = {isa = PBXFileReference; lastKnownFileType = sourcecode.c.objc; path = main.m; sourceTree = "<group>"; };
		5DE32FAB15814AA900733C0E /* LivePix-Prefix.pch */ = {isa = PBXFileReference; lastKnownFileType = sourcecode.c.h; path = "LivePix-Prefix.pch"; sourceTree = "<group>"; };
		5DE32FAC15814AA900733C0E /* AppDelegate.h */ = {isa = PBXFileReference; lastKnownFileType = sourcecode.c.h; path = AppDelegate.h; sourceTree = "<group>"; };
		5DE32FAD15814AA900733C0E /* AppDelegate.m */ = {isa = PBXFileReference; lastKnownFileType = sourcecode.c.objc; path = AppDelegate.m; sourceTree = "<group>"; };
		5DE32FB415814B7000733C0E /* SplashScreenController.h */ = {isa = PBXFileReference; fileEncoding = 4; lastKnownFileType = sourcecode.c.h; path = SplashScreenController.h; sourceTree = "<group>"; };
		5DE32FB515814B7000733C0E /* SplashScreenController.m */ = {isa = PBXFileReference; fileEncoding = 4; lastKnownFileType = sourcecode.c.objc; path = SplashScreenController.m; sourceTree = "<group>"; };
		5DE32FB615814B7000733C0E /* SplashScreenController.xib */ = {isa = PBXFileReference; fileEncoding = 4; lastKnownFileType = file.xib; path = SplashScreenController.xib; sourceTree = "<group>"; };
		5DE32FBA15814BB500733C0E /* UploadViewController.h */ = {isa = PBXFileReference; fileEncoding = 4; lastKnownFileType = sourcecode.c.h; name = UploadViewController.h; path = UploadViewController/UploadViewController.h; sourceTree = "<group>"; };
		5DE32FBB15814BB500733C0E /* UploadViewController.m */ = {isa = PBXFileReference; fileEncoding = 4; lastKnownFileType = sourcecode.c.objc; name = UploadViewController.m; path = UploadViewController/UploadViewController.m; sourceTree = "<group>"; };
		5DE32FBC15814BB500733C0E /* UploadViewController.xib */ = {isa = PBXFileReference; fileEncoding = 4; lastKnownFileType = file.xib; name = UploadViewController.xib; path = UploadViewController/UploadViewController.xib; sourceTree = "<group>"; };
		5DE32FC015814C0000733C0E /* EventViewController.h */ = {isa = PBXFileReference; fileEncoding = 4; lastKnownFileType = sourcecode.c.h; name = EventViewController.h; path = EventViewController/EventViewController.h; sourceTree = "<group>"; };
		5DE32FC115814C0000733C0E /* EventViewController.m */ = {isa = PBXFileReference; fileEncoding = 4; lastKnownFileType = sourcecode.c.objc; name = EventViewController.m; path = EventViewController/EventViewController.m; sourceTree = "<group>"; };
		5DE32FC215814C0000733C0E /* EventViewController.xib */ = {isa = PBXFileReference; fileEncoding = 4; lastKnownFileType = file.xib; name = EventViewController.xib; path = EventViewController/EventViewController.xib; sourceTree = "<group>"; };
		5DE32FC615814D1900733C0E /* 167-upload-photo.png */ = {isa = PBXFileReference; lastKnownFileType = image.png; path = "167-upload-photo.png"; sourceTree = "<group>"; };
		5DE32FC815814DFD00733C0E /* 15-tags.png */ = {isa = PBXFileReference; lastKnownFileType = image.png; path = "15-tags.png"; sourceTree = "<group>"; };
		5DE32FCB15814F8800733C0E /* LivePix.jpg */ = {isa = PBXFileReference; lastKnownFileType = image.jpeg; path = LivePix.jpg; sourceTree = "<group>"; };
		5DE32FD11581504800733C0E /* QuartzCore.framework */ = {isa = PBXFileReference; lastKnownFileType = wrapper.framework; name = QuartzCore.framework; path = System/Library/Frameworks/QuartzCore.framework; sourceTree = SDKROOT; };
		5DE32FD31581518800733C0E /* MBProgressHUD.h */ = {isa = PBXFileReference; fileEncoding = 4; lastKnownFileType = sourcecode.c.h; path = MBProgressHUD.h; sourceTree = "<group>"; };
		5DE32FD41581518800733C0E /* MBProgressHUD.m */ = {isa = PBXFileReference; fileEncoding = 4; lastKnownFileType = sourcecode.c.objc; path = MBProgressHUD.m; sourceTree = "<group>"; };
		5DE32FDF15815DDE00733C0E /* ASIAuthenticationDialog.h */ = {isa = PBXFileReference; fileEncoding = 4; lastKnownFileType = sourcecode.c.h; path = ASIAuthenticationDialog.h; sourceTree = "<group>"; };
		5DE32FE015815DDE00733C0E /* Reachability.h */ = {isa = PBXFileReference; fileEncoding = 4; lastKnownFileType = sourcecode.c.h; path = Reachability.h; sourceTree = "<group>"; };
		5DE32FE115815DDE00733C0E /* Reachability.m */ = {isa = PBXFileReference; fileEncoding = 4; lastKnownFileType = sourcecode.c.objc; path = Reachability.m; sourceTree = "<group>"; };
		5DE32FE215815DDF00733C0E /* ASIAuthenticationDialog.m */ = {isa = PBXFileReference; fileEncoding = 4; lastKnownFileType = sourcecode.c.objc; path = ASIAuthenticationDialog.m; sourceTree = "<group>"; };
		5DE32FE315815DDF00733C0E /* ASIFormDataRequest.h */ = {isa = PBXFileReference; fileEncoding = 4; lastKnownFileType = sourcecode.c.h; path = ASIFormDataRequest.h; sourceTree = "<group>"; };
		5DE32FE415815DDF00733C0E /* ASIFormDataRequest.m */ = {isa = PBXFileReference; fileEncoding = 4; lastKnownFileType = sourcecode.c.objc; path = ASIFormDataRequest.m; sourceTree = "<group>"; };
		5DE32FE515815DE000733C0E /* ASIHTTPRequest.h */ = {isa = PBXFileReference; fileEncoding = 4; lastKnownFileType = sourcecode.c.h; path = ASIHTTPRequest.h; sourceTree = "<group>"; };
		5DE32FE615815DE000733C0E /* ASIHTTPRequest.m */ = {isa = PBXFileReference; fileEncoding = 4; lastKnownFileType = sourcecode.c.objc; path = ASIHTTPRequest.m; sourceTree = "<group>"; };
		5DE32FE715815DE000733C0E /* ASIHTTPRequestDelegate.h */ = {isa = PBXFileReference; fileEncoding = 4; lastKnownFileType = sourcecode.c.h; path = ASIHTTPRequestDelegate.h; sourceTree = "<group>"; };
		5DE32FE815815DE100733C0E /* ASIHTTPRequestConfig.h */ = {isa = PBXFileReference; fileEncoding = 4; lastKnownFileType = sourcecode.c.h; path = ASIHTTPRequestConfig.h; sourceTree = "<group>"; };
		5DE32FE915815DE100733C0E /* ASIInputStream.h */ = {isa = PBXFileReference; fileEncoding = 4; lastKnownFileType = sourcecode.c.h; path = ASIInputStream.h; sourceTree = "<group>"; };
		5DE32FEA15815DE100733C0E /* ASIInputStream.m */ = {isa = PBXFileReference; fileEncoding = 4; lastKnownFileType = sourcecode.c.objc; path = ASIInputStream.m; sourceTree = "<group>"; };
		5DE32FEB15815DE200733C0E /* ASINetworkQueue.h */ = {isa = PBXFileReference; fileEncoding = 4; lastKnownFileType = sourcecode.c.h; path = ASINetworkQueue.h; sourceTree = "<group>"; };
		5DE32FEC15815DE200733C0E /* ASINetworkQueue.m */ = {isa = PBXFileReference; fileEncoding = 4; lastKnownFileType = sourcecode.c.objc; path = ASINetworkQueue.m; sourceTree = "<group>"; };
		5DE32FED15815DE200733C0E /* ASINSStringAdditions.h */ = {isa = PBXFileReference; fileEncoding = 4; lastKnownFileType = sourcecode.c.h; path = ASINSStringAdditions.h; sourceTree = "<group>"; };
		5DE32FEE15815DE200733C0E /* ASINSStringAdditions.m */ = {isa = PBXFileReference; fileEncoding = 4; lastKnownFileType = sourcecode.c.objc; path = ASINSStringAdditions.m; sourceTree = "<group>"; };
		5DE32FEF15815DE300733C0E /* ASIProgressDelegate.h */ = {isa = PBXFileReference; fileEncoding = 4; lastKnownFileType = sourcecode.c.h; path = ASIProgressDelegate.h; sourceTree = "<group>"; };
		5DE32FFC1581617B00733C0E /* magetest.png */ = {isa = PBXFileReference; lastKnownFileType = image.png; path = magetest.png; sourceTree = "<group>"; };
		5DE32FFE1581623700733C0E /* CoreMedia.framework */ = {isa = PBXFileReference; lastKnownFileType = wrapper.framework; name = CoreMedia.framework; path = System/Library/Frameworks/CoreMedia.framework; sourceTree = SDKROOT; };
		5DE330001581624200733C0E /* SystemConfiguration.framework */ = {isa = PBXFileReference; lastKnownFileType = wrapper.framework; name = SystemConfiguration.framework; path = System/Library/Frameworks/SystemConfiguration.framework; sourceTree = SDKROOT; };
		5DE330021581624700733C0E /* Security.framework */ = {isa = PBXFileReference; lastKnownFileType = wrapper.framework; name = Security.framework; path = System/Library/Frameworks/Security.framework; sourceTree = SDKROOT; };
		5DE330041581625D00733C0E /* libxml2.dylib */ = {isa = PBXFileReference; lastKnownFileType = "compiled.mach-o.dylib"; name = libxml2.dylib; path = usr/lib/libxml2.dylib; sourceTree = SDKROOT; };
		5DE330061581626900733C0E /* libz.dylib */ = {isa = PBXFileReference; lastKnownFileType = "compiled.mach-o.dylib"; name = libz.dylib; path = usr/lib/libz.dylib; sourceTree = SDKROOT; };
		5DE330081581627100733C0E /* CFNetwork.framework */ = {isa = PBXFileReference; lastKnownFileType = wrapper.framework; name = CFNetwork.framework; path = System/Library/Frameworks/CFNetwork.framework; sourceTree = SDKROOT; };
		5DE3300A1581629A00733C0E /* MobileCoreServices.framework */ = {isa = PBXFileReference; lastKnownFileType = wrapper.framework; name = MobileCoreServices.framework; path = System/Library/Frameworks/MobileCoreServices.framework; sourceTree = SDKROOT; };
		5DE3300C158172B900733C0E /* icon.png */ = {isa = PBXFileReference; lastKnownFileType = image.png; path = icon.png; sourceTree = "<group>"; };
		5DEC00BF15866CF8003006AF /* ELCAlbumPickerController.xib */ = {isa = PBXFileReference; fileEncoding = 4; lastKnownFileType = file.xib; path = ELCAlbumPickerController.xib; sourceTree = "<group>"; };
		5DEC00C015866CF8003006AF /* ELCAssetTablePicker.xib */ = {isa = PBXFileReference; fileEncoding = 4; lastKnownFileType = file.xib; path = ELCAssetTablePicker.xib; sourceTree = "<group>"; };
		5DEC00C115866CF8003006AF /* ELCAssetPicker.xib */ = {isa = PBXFileReference; fileEncoding = 4; lastKnownFileType = file.xib; path = ELCAssetPicker.xib; sourceTree = "<group>"; };
		5DEC00C215866CF8003006AF /* Overlay.png */ = {isa = PBXFileReference; lastKnownFileType = image.png; path = Overlay.png; sourceTree = "<group>"; };
		5DEC00C315866CF8003006AF /* Overlay@2x.png */ = {isa = PBXFileReference; lastKnownFileType = image.png; path = "Overlay@2x.png"; sourceTree = "<group>"; };
		5DEC00C415866CF8003006AF /* ELCAlbumPickerController.h */ = {isa = PBXFileReference; fileEncoding = 4; lastKnownFileType = sourcecode.c.h; path = ELCAlbumPickerController.h; sourceTree = "<group>"; };
		5DEC00C515866CF8003006AF /* ELCAlbumPickerController.m */ = {isa = PBXFileReference; fileEncoding = 4; lastKnownFileType = sourcecode.c.objc; path = ELCAlbumPickerController.m; sourceTree = "<group>"; };
		5DEC00C615866CF8003006AF /* ELCAssetTablePicker.h */ = {isa = PBXFileReference; fileEncoding = 4; lastKnownFileType = sourcecode.c.h; path = ELCAssetTablePicker.h; sourceTree = "<group>"; };
		5DEC00C715866CF8003006AF /* ELCAssetTablePicker.m */ = {isa = PBXFileReference; fileEncoding = 4; lastKnownFileType = sourcecode.c.objc; path = ELCAssetTablePicker.m; sourceTree = "<group>"; };
		5DEC00C815866CF8003006AF /* ELCAsset.h */ = {isa = PBXFileReference; fileEncoding = 4; lastKnownFileType = sourcecode.c.h; path = ELCAsset.h; sourceTree = "<group>"; };
		5DEC00C915866CF8003006AF /* ELCAsset.m */ = {isa = PBXFileReference; fileEncoding = 4; lastKnownFileType = sourcecode.c.objc; path = ELCAsset.m; sourceTree = "<group>"; };
		5DEC00CA15866CF8003006AF /* ELCAssetCell.h */ = {isa = PBXFileReference; fileEncoding = 4; lastKnownFileType = sourcecode.c.h; path = ELCAssetCell.h; sourceTree = "<group>"; };
		5DEC00CB15866CF8003006AF /* ELCAssetCell.m */ = {isa = PBXFileReference; fileEncoding = 4; lastKnownFileType = sourcecode.c.objc; path = ELCAssetCell.m; sourceTree = "<group>"; };
		5DEC00CC15866CF8003006AF /* ELCImagePickerController.h */ = {isa = PBXFileReference; fileEncoding = 4; lastKnownFileType = sourcecode.c.h; path = ELCImagePickerController.h; sourceTree = "<group>"; };
		5DEC00CD15866CF8003006AF /* ELCImagePickerController.m */ = {isa = PBXFileReference; fileEncoding = 4; lastKnownFileType = sourcecode.c.objc; path = ELCImagePickerController.m; sourceTree = "<group>"; };
		5DEC00CE15866CF8003006AF /* ELCImagePickerController.xib */ = {isa = PBXFileReference; fileEncoding = 4; lastKnownFileType = file.xib; path = ELCImagePickerController.xib; sourceTree = "<group>"; };
/* End PBXFileReference section */

/* Begin PBXFrameworksBuildPhase section */
		5DE32F9615814AA900733C0E /* Frameworks */ = {
			isa = PBXFrameworksBuildPhase;
			buildActionMask = 2147483647;
			files = (
				18D8261F158D349400228845 /* MessageUI.framework in Frameworks */,
				18D82610158D06DC00228845 /* AddressBook.framework in Frameworks */,
				18D82611158D06DC00228845 /* AddressBookUI.framework in Frameworks */,
				18F1D2411583DAFD00B4E9A9 /* CoreLocation.framework in Frameworks */,
				18DB137B15827D090053FB5C /* AssetsLibrary.framework in Frameworks */,
				5DE3300B1581629A00733C0E /* MobileCoreServices.framework in Frameworks */,
				5DE330091581627100733C0E /* CFNetwork.framework in Frameworks */,
				5DE330071581626A00733C0E /* libz.dylib in Frameworks */,
				5DE330051581625D00733C0E /* libxml2.dylib in Frameworks */,
				5DE330031581624700733C0E /* Security.framework in Frameworks */,
				5DE330011581624200733C0E /* SystemConfiguration.framework in Frameworks */,
				5DE32FFF1581623700733C0E /* CoreMedia.framework in Frameworks */,
				5DE32FD21581504800733C0E /* QuartzCore.framework in Frameworks */,
				5DE32F9E15814AA900733C0E /* UIKit.framework in Frameworks */,
				5DE32FA015814AA900733C0E /* Foundation.framework in Frameworks */,
				5DE32FA215814AA900733C0E /* CoreGraphics.framework in Frameworks */,
			);
			runOnlyForDeploymentPostprocessing = 0;
		};
/* End PBXFrameworksBuildPhase section */

/* Begin PBXGroup section */
		181AA53915867EA000EA1A9A /* FullImageViewController */ = {
			isa = PBXGroup;
			children = (
				181AA53415867E9500EA1A9A /* FullImageViewController.h */,
				181AA53515867E9500EA1A9A /* FullImageViewController.m */,
				181AA53615867E9500EA1A9A /* FullImageViewController.xib */,
				181AA5431586810100EA1A9A /* CatagoryView */,
			);
			name = FullImageViewController;
			sourceTree = "<group>";
		};
		181AA5431586810100EA1A9A /* CatagoryView */ = {
			isa = PBXGroup;
			children = (
				181AA53E158680F500EA1A9A /* CatagoryView.h */,
				181AA53F158680F500EA1A9A /* CatagoryView.m */,
				181AA540158680F500EA1A9A /* CatagoryView.xib */,
			);
			name = CatagoryView;
			sourceTree = "<group>";
		};
		18D825FE158CDC7C00228845 /* FBFriendView */ = {
			isa = PBXGroup;
			children = (
				18D825FB158CDC7700228845 /* FBFriendView.h */,
				18D82600158CDD2100228845 /* FBFriendBiew.xib */,
				18D825FC158CDC7700228845 /* FBFriendView.m */,
			);
			name = FBFriendView;
			path = LivePix;
			sourceTree = "<group>";
		};
		18D825FF158CDCD800228845 /* ImagesLiveFix */ = {
			isa = PBXGroup;
			children = (
				181BCA031587E079004D6E36 /* Default.png */,
				181BCA041587E079004D6E36 /* Default@2x.png */,
				181AA53115867DA300EA1A9A /* icon-placeholder.png */,
				18F1D2431583F3F900B4E9A9 /* NSData+Base64.m */,
				18F1D2441583F3F900B4E9A9 /* NSData+Base64.h */,
				5DE32FFC1581617B00733C0E /* magetest.png */,
				5D9636B01585207200CF429A /* expiring_assets_count.png */,
				5DE3300C158172B900733C0E /* icon.png */,
			);
			name = ImagesLiveFix;
			sourceTree = "<group>";
		};
		18D82607158CE04300228845 /* InviteFriendViewControllerViewController */ = {
			isa = PBXGroup;
			children = (
				18D8260B158CE4A100228845 /* InviteTableViewCellCell */,
				18D82602158CE03F00228845 /* InviteFriendViewControllerViewController.h */,
				18D82603158CE03F00228845 /* InviteFriendViewControllerViewController.m */,
				18D82604158CE03F00228845 /* InviteFriendViewControllerViewController.xib */,
			);
			name = InviteFriendViewControllerViewController;
			sourceTree = "<group>";
		};
		18D8260B158CE4A100228845 /* InviteTableViewCellCell */ = {
			isa = PBXGroup;
			children = (
				18D82608158CE49B00228845 /* InviteTableViewCellCell.h */,
				18D82609158CE49B00228845 /* InviteTableViewCellCell.m */,
				18D8260C158CE4E500228845 /* InviteTableViewCell.xib */,
			);
			name = InviteTableViewCellCell;
			sourceTree = "<group>";
		};
		18D97C9A15877ACB004572B4 /* NewEventViewController */ = {
			isa = PBXGroup;
			children = (
				18D97C9515877AC6004572B4 /* NewEventViewController.h */,
				18D97C9615877AC6004572B4 /* NewEventViewController.m */,
				18D97C9715877AC6004572B4 /* NewEventViewController.xib */,
			);
			name = NewEventViewController;
			sourceTree = "<group>";
		};
		18D97CAB15878A5C004572B4 /* EGORefreshTableHeaderView */ = {
			isa = PBXGroup;
			children = (
				18D97CA815878A58004572B4 /* EGORefreshTableHeaderView.h */,
				18D97CA915878A58004572B4 /* EGORefreshTableHeaderView.m */,
			);
			name = EGORefreshTableHeaderView;
			sourceTree = "<group>";
		};
		18E3FA5415890FE500A2D254 /* CustomDatePickerView */ = {
			isa = PBXGroup;
			children = (
				18E3FA5015890FDE00A2D254 /* CustomDatePickerView.h */,
				18E3FA5115890FDE00A2D254 /* CustomDatePickerView.m */,
			);
			name = CustomDatePickerView;
			sourceTree = "<group>";
		};
		18F1D27115840C5E00B4E9A9 /* LoginViewController */ = {
			isa = PBXGroup;
			children = (
				18F1D26C15840C5A00B4E9A9 /* LoginViewControllerViewController.h */,
				18F1D26D15840C5A00B4E9A9 /* LoginViewControllerViewController.m */,
				18F1D26E15840C5A00B4E9A9 /* LoginViewControllerViewController.xib */,
			);
			name = LoginViewController;
			path = LivePix;
			sourceTree = "<group>";
		};
		18F1D27215840C7700B4E9A9 /* ExtraFrameWork */ = {
			isa = PBXGroup;
			children = (
				18F1D2401583DAFD00B4E9A9 /* CoreLocation.framework */,
				18DB137A15827D090053FB5C /* AssetsLibrary.framework */,
				5DE3300A1581629A00733C0E /* MobileCoreServices.framework */,
				5DE330081581627100733C0E /* CFNetwork.framework */,
				5DE330061581626900733C0E /* libz.dylib */,
				5DE330041581625D00733C0E /* libxml2.dylib */,
				5DE330021581624700733C0E /* Security.framework */,
				5DE330001581624200733C0E /* SystemConfiguration.framework */,
				5DE32FFE1581623700733C0E /* CoreMedia.framework */,
				5DE32FD11581504800733C0E /* QuartzCore.framework */,
			);
			name = ExtraFrameWork;
			sourceTree = "<group>";
		};
		18F1D2D615840DAC00B4E9A9 /* JSON */ = {
			isa = PBXGroup;
			children = (
				18F1D2C315840DA500B4E9A9 /* JSON.h */,
				18F1D2C415840DA500B4E9A9 /* NSObject+SBJSON.h */,
				18F1D2C515840DA500B4E9A9 /* NSObject+SBJSON.m */,
				18F1D2C615840DA500B4E9A9 /* NSString+SBJSON.h */,
				18F1D2C715840DA500B4E9A9 /* NSString+SBJSON.m */,
				18F1D2C815840DA500B4E9A9 /* SBJSON.h */,
				18F1D2C915840DA500B4E9A9 /* SBJSON.m */,
				18F1D2CA15840DA500B4E9A9 /* SBJsonBase.h */,
				18F1D2CB15840DA500B4E9A9 /* SBJsonBase.m */,
				18F1D2CC15840DA500B4E9A9 /* SBJsonParser.h */,
				18F1D2CD15840DA500B4E9A9 /* SBJsonParser.m */,
				18F1D2CE15840DA500B4E9A9 /* SBJsonWriter.h */,
				18F1D2CF15840DA500B4E9A9 /* SBJsonWriter.m */,
			);
			name = JSON;
			sourceTree = "<group>";
		};
		18F1D2D715840DBA00B4E9A9 /* FaceBook */ = {
			isa = PBXGroup;
			children = (
				18D825FE158CDC7C00228845 /* FBFriendView */,
				18C115691584B4C5005139CF /* facebook_ios_sdk_Prefix.pch */,
				18C1156A1584B4C5005139CF /* Facebook.h */,
				18C1156B1584B4C5005139CF /* FBDialog.bundle */,
				18C1156C1584B4C5005139CF /* Facebook.m */,
				18C1156D1584B4C5005139CF /* FBConnect.h */,
				18C1156E1584B4C5005139CF /* FBDialog.h */,
				18C1156F1584B4C5005139CF /* FBDialog.m */,
				18C115701584B4C5005139CF /* FBLoginDialog.h */,
				18C115711584B4C5005139CF /* FBLoginDialog.m */,
				18C115721584B4C5005139CF /* FBRequest.h */,
				18C115731584B4C5005139CF /* FBRequest.m */,
				18F1D2D615840DAC00B4E9A9 /* JSON */,
			);
			name = FaceBook;
			sourceTree = "<group>";
		};
		18F1D2DB15840E8A00B4E9A9 /* DataSet */ = {
			isa = PBXGroup;
			children = (
				18F1D2E4158411D600B4E9A9 /* FBLoginButton.h */,
				18F1D2E5158411D600B4E9A9 /* FBLoginButton.m */,
				18F1D2D815840E8600B4E9A9 /* DataSet.h */,
				18F1D2D915840E8600B4E9A9 /* DataSet.m */,
			);
			name = DataSet;
			sourceTree = "<group>";
		};
		1C831120158A0C3B002F2991 /* EventViewCell */ = {
			isa = PBXGroup;
			children = (
				1C83111C158A0C21002F2991 /* EventViewCell.h */,
				1C83111D158A0C21002F2991 /* EventViewCell.m */,
				1C831125158A0D25002F2991 /* EventCellView.xib */,
			);
			name = EventViewCell;
			path = LivePix;
			sourceTree = "<group>";
		};
		5D9636981585025200CF429A /* Global */ = {
			isa = PBXGroup;
			children = (
				5D9636941585024200CF429A /* Global.h */,
			);
			name = Global;
			sourceTree = "<group>";
		};
		5D96369E1585034600CF429A /* AddEventViewController */ = {
			isa = PBXGroup;
			children = (
				1C831120158A0C3B002F2991 /* EventViewCell */,
				5D9636991585033B00CF429A /* AddEventViewController.h */,
				5D96369A1585033B00CF429A /* AddEventViewController.m */,
				5D96369B1585033B00CF429A /* AddEventViewController.xib */,
			);
			name = AddEventViewController;
			sourceTree = "<group>";
		};
		5D9636A21585063500CF429A /* ModalController */ = {
			isa = PBXGroup;
			children = (
				5D96369F1585063100CF429A /* ModalController.m */,
				5D9636A01585063100CF429A /* ModalController.h */,
			);
			name = ModalController;
			sourceTree = "<group>";
		};
		5D9636AB15851B6D00CF429A /* XMLReader */ = {
			isa = PBXGroup;
			children = (
				5D9636A815851B6600CF429A /* XMLReader.h */,
				5D9636A915851B6600CF429A /* XMLReader.m */,
			);
			name = XMLReader;
			sourceTree = "<group>";
		};
		5D9636C115852BD600CF429A /* EGOImage */ = {
			isa = PBXGroup;
			children = (
				5D9636B215852BCD00CF429A /* EGOCache.h */,
				5D9636B315852BCD00CF429A /* EGOCache.m */,
				5D9636B415852BCD00CF429A /* EGOImageButton.h */,
				5D9636B515852BCD00CF429A /* EGOImageLoader.h */,
				5D9636B615852BCD00CF429A /* EGOImageLoader.m */,
				5D9636B715852BCE00CF429A /* EGOImageLoadConnection.h */,
				5D9636B815852BCE00CF429A /* EGOImageLoadConnection.m */,
				5D9636B915852BCE00CF429A /* EGOImageButton.m */,
				5D9636BA15852BCE00CF429A /* EGOImageView.h */,
				5D9636BB15852BCE00CF429A /* EGOImageView.m */,
			);
			name = EGOImage;
			sourceTree = "<group>";
		};
		5DE32F8E15814AA900733C0E = {
			isa = PBXGroup;
			children = (
				18D8261E158D349300228845 /* MessageUI.framework */,
				18D8260E158D06DC00228845 /* AddressBook.framework */,
				18D8260F158D06DC00228845 /* AddressBookUI.framework */,
				18D82607158CE04300228845 /* InviteFriendViewControllerViewController */,
				18E3FA5415890FE500A2D254 /* CustomDatePickerView */,
				18D97CAB15878A5C004572B4 /* EGORefreshTableHeaderView */,
				18D97C9A15877ACB004572B4 /* NewEventViewController */,
				181AA53915867EA000EA1A9A /* FullImageViewController */,
				5DEC00DA15866CFF003006AF /* ECLImagePicker */,
				5D9636C115852BD600CF429A /* EGOImage */,
				5D9636AB15851B6D00CF429A /* XMLReader */,
				5D9636A21585063500CF429A /* ModalController */,
				5D96369E1585034600CF429A /* AddEventViewController */,
				5D9636981585025200CF429A /* Global */,
				18F1D2DB15840E8A00B4E9A9 /* DataSet */,
				18F1D2D715840DBA00B4E9A9 /* FaceBook */,
				18F1D2AF15840D8000B4E9A9 /* FBConnect.bundle */,
				18F1D27115840C5E00B4E9A9 /* LoginViewController */,
				18F1D27215840C7700B4E9A9 /* ExtraFrameWork */,
				5DE32FA315814AA900733C0E /* LivePix */,
				5DE32F9C15814AA900733C0E /* Frameworks */,
				5DE32F9A15814AA900733C0E /* Products */,
			);
			sourceTree = "<group>";
		};
		5DE32F9A15814AA900733C0E /* Products */ = {
			isa = PBXGroup;
			children = (
				5DE32F9915814AA900733C0E /* LivePix.app */,
			);
			name = Products;
			sourceTree = "<group>";
		};
		5DE32F9C15814AA900733C0E /* Frameworks */ = {
			isa = PBXGroup;
			children = (
				5DE32F9D15814AA900733C0E /* UIKit.framework */,
				5DE32F9F15814AA900733C0E /* Foundation.framework */,
				5DE32FA115814AA900733C0E /* CoreGraphics.framework */,
			);
			name = Frameworks;
			sourceTree = "<group>";
		};
		5DE32FA315814AA900733C0E /* LivePix */ = {
			isa = PBXGroup;
			children = (
				18D825FF158CDCD800228845 /* ImagesLiveFix */,
				5DE32FF715815DF400733C0E /* ASIHTTP */,
				5DE32FD61581518C00733C0E /* MBProgressHUD */,
				5DE32FAC15814AA900733C0E /* AppDelegate.h */,
				5DE32FAD15814AA900733C0E /* AppDelegate.m */,
				5DE32FCA15814E7A00733C0E /* Images */,
				5DE32FC515814C0700733C0E /* EventViewController */,
				5DE32FBF15814BBF00733C0E /* UploadViewController */,
				5DE32FB915814B7E00733C0E /* SplashScreenController */,
				5DE32FA415814AA900733C0E /* Supporting Files */,
			);
			path = LivePix;
			sourceTree = "<group>";
		};
		5DE32FA415814AA900733C0E /* Supporting Files */ = {
			isa = PBXGroup;
			children = (
				5DE32FA515814AA900733C0E /* LivePix-Info.plist */,
				5DE32FA615814AA900733C0E /* InfoPlist.strings */,
				5DE32FA915814AA900733C0E /* main.m */,
				5DE32FAB15814AA900733C0E /* LivePix-Prefix.pch */,
			);
			name = "Supporting Files";
			sourceTree = "<group>";
		};
		5DE32FB915814B7E00733C0E /* SplashScreenController */ = {
			isa = PBXGroup;
			children = (
				5DE32FB415814B7000733C0E /* SplashScreenController.h */,
				5DE32FB515814B7000733C0E /* SplashScreenController.m */,
				5DE32FB615814B7000733C0E /* SplashScreenController.xib */,
			);
			name = SplashScreenController;
			sourceTree = "<group>";
		};
		5DE32FBF15814BBF00733C0E /* UploadViewController */ = {
			isa = PBXGroup;
			children = (
				5DE32FBA15814BB500733C0E /* UploadViewController.h */,
				5DE32FBB15814BB500733C0E /* UploadViewController.m */,
				5DE32FBC15814BB500733C0E /* UploadViewController.xib */,
			);
			name = UploadViewController;
			sourceTree = "<group>";
		};
		5DE32FC515814C0700733C0E /* EventViewController */ = {
			isa = PBXGroup;
			children = (
				5DE32FC015814C0000733C0E /* EventViewController.h */,
				5DE32FC115814C0000733C0E /* EventViewController.m */,
				5DE32FC215814C0000733C0E /* EventViewController.xib */,
			);
			name = EventViewController;
			sourceTree = "<group>";
		};
		5DE32FCA15814E7A00733C0E /* Images */ = {
			isa = PBXGroup;
			children = (
				18D82616158D1E3900228845 /* check_empty_new.png */,
				18D82617158D1E3900228845 /* check_filled_new.png */,
				5DE32FCB15814F8800733C0E /* LivePix.jpg */,
				5DE32FC815814DFD00733C0E /* 15-tags.png */,
				5DE32FC615814D1900733C0E /* 167-upload-photo.png */,
			);
			name = Images;
			sourceTree = "<group>";
		};
		5DE32FD61581518C00733C0E /* MBProgressHUD */ = {
			isa = PBXGroup;
			children = (
				5DE32FD31581518800733C0E /* MBProgressHUD.h */,
				5DE32FD41581518800733C0E /* MBProgressHUD.m */,
			);
			name = MBProgressHUD;
			sourceTree = "<group>";
		};
		5DE32FF715815DF400733C0E /* ASIHTTP */ = {
			isa = PBXGroup;
			children = (
				5DE32FDF15815DDE00733C0E /* ASIAuthenticationDialog.h */,
				5DE32FE015815DDE00733C0E /* Reachability.h */,
				5DE32FE115815DDE00733C0E /* Reachability.m */,
				5DE32FE215815DDF00733C0E /* ASIAuthenticationDialog.m */,
				5DE32FE315815DDF00733C0E /* ASIFormDataRequest.h */,
				5DE32FE415815DDF00733C0E /* ASIFormDataRequest.m */,
				5DE32FE515815DE000733C0E /* ASIHTTPRequest.h */,
				5DE32FE615815DE000733C0E /* ASIHTTPRequest.m */,
				5DE32FE715815DE000733C0E /* ASIHTTPRequestDelegate.h */,
				5DE32FE815815DE100733C0E /* ASIHTTPRequestConfig.h */,
				5DE32FE915815DE100733C0E /* ASIInputStream.h */,
				5DE32FEA15815DE100733C0E /* ASIInputStream.m */,
				5DE32FEB15815DE200733C0E /* ASINetworkQueue.h */,
				5DE32FEC15815DE200733C0E /* ASINetworkQueue.m */,
				5DE32FED15815DE200733C0E /* ASINSStringAdditions.h */,
				5DE32FEE15815DE200733C0E /* ASINSStringAdditions.m */,
				5DE32FEF15815DE300733C0E /* ASIProgressDelegate.h */,
			);
			name = ASIHTTP;
			sourceTree = "<group>";
		};
		5DEC00DA15866CFF003006AF /* ECLImagePicker */ = {
			isa = PBXGroup;
			children = (
				5DEC00BF15866CF8003006AF /* ELCAlbumPickerController.xib */,
				5DEC00C015866CF8003006AF /* ELCAssetTablePicker.xib */,
				5DEC00C115866CF8003006AF /* ELCAssetPicker.xib */,
				5DEC00C215866CF8003006AF /* Overlay.png */,
				5DEC00C315866CF8003006AF /* Overlay@2x.png */,
				5DEC00C415866CF8003006AF /* ELCAlbumPickerController.h */,
				5DEC00C515866CF8003006AF /* ELCAlbumPickerController.m */,
				5DEC00C615866CF8003006AF /* ELCAssetTablePicker.h */,
				5DEC00C715866CF8003006AF /* ELCAssetTablePicker.m */,
				5DEC00C815866CF8003006AF /* ELCAsset.h */,
				5DEC00C915866CF8003006AF /* ELCAsset.m */,
				5DEC00CA15866CF8003006AF /* ELCAssetCell.h */,
				5DEC00CB15866CF8003006AF /* ELCAssetCell.m */,
				5DEC00CC15866CF8003006AF /* ELCImagePickerController.h */,
				5DEC00CD15866CF8003006AF /* ELCImagePickerController.m */,
				5DEC00CE15866CF8003006AF /* ELCImagePickerController.xib */,
			);
			name = ECLImagePicker;
			sourceTree = "<group>";
		};
/* End PBXGroup section */

/* Begin PBXNativeTarget section */
		5DE32F9815814AA900733C0E /* LivePix */ = {
			isa = PBXNativeTarget;
			buildConfigurationList = 5DE32FB115814AA900733C0E /* Build configuration list for PBXNativeTarget "LivePix" */;
			buildPhases = (
				5DE32F9515814AA900733C0E /* Sources */,
				5DE32F9615814AA900733C0E /* Frameworks */,
				5DE32F9715814AA900733C0E /* Resources */,
			);
			buildRules = (
			);
			dependencies = (
			);
			name = LivePix;
			productName = LivePix;
			productReference = 5DE32F9915814AA900733C0E /* LivePix.app */;
			productType = "com.apple.product-type.application";
		};
/* End PBXNativeTarget section */

/* Begin PBXProject section */
		5DE32F9015814AA900733C0E /* Project object */ = {
			isa = PBXProject;
			attributes = {
				LastUpgradeCheck = 0420;
				ORGANIZATIONNAME = dhillon;
			};
			buildConfigurationList = 5DE32F9315814AA900733C0E /* Build configuration list for PBXProject "LivePix" */;
			compatibilityVersion = "Xcode 3.2";
			developmentRegion = English;
			hasScannedForEncodings = 0;
			knownRegions = (
				en,
			);
			mainGroup = 5DE32F8E15814AA900733C0E;
			productRefGroup = 5DE32F9A15814AA900733C0E /* Products */;
			projectDirPath = "";
			projectRoot = "";
			targets = (
				5DE32F9815814AA900733C0E /* LivePix */,
			);
		};
/* End PBXProject section */

/* Begin PBXResourcesBuildPhase section */
		5DE32F9715814AA900733C0E /* Resources */ = {
			isa = PBXResourcesBuildPhase;
			buildActionMask = 2147483647;
			files = (
				5DE32FA815814AA900733C0E /* InfoPlist.strings in Resources */,
				5DE32FB815814B7000733C0E /* SplashScreenController.xib in Resources */,
				5DE32FBE15814BB500733C0E /* UploadViewController.xib in Resources */,
				5DE32FC415814C0000733C0E /* EventViewController.xib in Resources */,
				5DE32FC715814D1900733C0E /* 167-upload-photo.png in Resources */,
				5DE32FC915814DFD00733C0E /* 15-tags.png in Resources */,
				5DE32FCC15814F8800733C0E /* LivePix.jpg in Resources */,
				5DE32FFD1581617D00733C0E /* magetest.png in Resources */,
				5DE3300D158172BA00733C0E /* icon.png in Resources */,
				18F1D27015840C5A00B4E9A9 /* LoginViewControllerViewController.xib in Resources */,
				18F1D2B015840D8000B4E9A9 /* FBConnect.bundle in Resources */,
				18C115741584B4C5005139CF /* FBDialog.bundle in Resources */,
				5D96369D1585033B00CF429A /* AddEventViewController.xib in Resources */,
				5D9636B11585207200CF429A /* expiring_assets_count.png in Resources */,
				5DEC00CF15866CF8003006AF /* ELCAlbumPickerController.xib in Resources */,
				5DEC00D015866CF8003006AF /* ELCAssetTablePicker.xib in Resources */,
				5DEC00D115866CF8003006AF /* ELCAssetPicker.xib in Resources */,
				5DEC00D215866CF8003006AF /* Overlay.png in Resources */,
				5DEC00D315866CF8003006AF /* Overlay@2x.png in Resources */,
				5DEC00D915866CF8003006AF /* ELCImagePickerController.xib in Resources */,
				181AA53215867DA300EA1A9A /* icon-placeholder.png in Resources */,
				181AA53815867E9500EA1A9A /* FullImageViewController.xib in Resources */,
				181AA542158680F500EA1A9A /* CatagoryView.xib in Resources */,
				18D97C9915877AC7004572B4 /* NewEventViewController.xib in Resources */,
				181BCA051587E079004D6E36 /* Default.png in Resources */,
				181BCA061587E079004D6E36 /* Default@2x.png in Resources */,
				1C831126158A0D25002F2991 /* EventCellView.xib in Resources */,
				18D82601158CDD2100228845 /* FBFriendBiew.xib in Resources */,
				18D82606158CE03F00228845 /* InviteFriendViewControllerViewController.xib in Resources */,
				18D8260D158CE4E500228845 /* InviteTableViewCell.xib in Resources */,
				18D82618158D1E3900228845 /* check_empty_new.png in Resources */,
				18D82619158D1E3900228845 /* check_filled_new.png in Resources */,
			);
			runOnlyForDeploymentPostprocessing = 0;
		};
/* End PBXResourcesBuildPhase section */

/* Begin PBXSourcesBuildPhase section */
		5DE32F9515814AA900733C0E /* Sources */ = {
			isa = PBXSourcesBuildPhase;
			buildActionMask = 2147483647;
			files = (
				5DE32FAA15814AA900733C0E /* main.m in Sources */,
				5DE32FAE15814AA900733C0E /* AppDelegate.m in Sources */,
				5DE32FB715814B7000733C0E /* SplashScreenController.m in Sources */,
				5DE32FBD15814BB500733C0E /* UploadViewController.m in Sources */,
				5DE32FC315814C0000733C0E /* EventViewController.m in Sources */,
				5DE32FD51581518800733C0E /* MBProgressHUD.m in Sources */,
				5DE32FF015815DE300733C0E /* Reachability.m in Sources */,
				5DE32FF115815DE300733C0E /* ASIAuthenticationDialog.m in Sources */,
				5DE32FF215815DE300733C0E /* ASIFormDataRequest.m in Sources */,
				5DE32FF315815DE300733C0E /* ASIHTTPRequest.m in Sources */,
				5DE32FF415815DE300733C0E /* ASIInputStream.m in Sources */,
				5DE32FF515815DE300733C0E /* ASINetworkQueue.m in Sources */,
				5DE32FF615815DE300733C0E /* ASINSStringAdditions.m in Sources */,
				18F1D2451583F3F900B4E9A9 /* NSData+Base64.m in Sources */,
				18F1D26F15840C5A00B4E9A9 /* LoginViewControllerViewController.m in Sources */,
				18F1D2D015840DA500B4E9A9 /* NSObject+SBJSON.m in Sources */,
				18F1D2D115840DA500B4E9A9 /* NSString+SBJSON.m in Sources */,
				18F1D2D215840DA500B4E9A9 /* SBJSON.m in Sources */,
				18F1D2D315840DA500B4E9A9 /* SBJsonBase.m in Sources */,
				18F1D2D415840DA500B4E9A9 /* SBJsonParser.m in Sources */,
				18F1D2D515840DA500B4E9A9 /* SBJsonWriter.m in Sources */,
				18F1D2DA15840E8600B4E9A9 /* DataSet.m in Sources */,
				18F1D2E6158411D600B4E9A9 /* FBLoginButton.m in Sources */,
				18C115751584B4C5005139CF /* Facebook.m in Sources */,
				18C115761584B4C5005139CF /* FBDialog.m in Sources */,
				18C115771584B4C5005139CF /* FBLoginDialog.m in Sources */,
				18C115781584B4C5005139CF /* FBRequest.m in Sources */,
				5D96369C1585033B00CF429A /* AddEventViewController.m in Sources */,
				5D9636A11585063200CF429A /* ModalController.m in Sources */,
				5D9636AA15851B6600CF429A /* XMLReader.m in Sources */,
				5D9636BC15852BCF00CF429A /* EGOCache.m in Sources */,
				5D9636BD15852BCF00CF429A /* EGOImageLoader.m in Sources */,
				5D9636BE15852BCF00CF429A /* EGOImageLoadConnection.m in Sources */,
				5D9636BF15852BCF00CF429A /* EGOImageButton.m in Sources */,
				5D9636C015852BCF00CF429A /* EGOImageView.m in Sources */,
				5DEC00D415866CF8003006AF /* ELCAlbumPickerController.m in Sources */,
				5DEC00D515866CF8003006AF /* ELCAssetTablePicker.m in Sources */,
				5DEC00D615866CF8003006AF /* ELCAsset.m in Sources */,
				5DEC00D715866CF8003006AF /* ELCAssetCell.m in Sources */,
				5DEC00D815866CF8003006AF /* ELCImagePickerController.m in Sources */,
				181AA53715867E9500EA1A9A /* FullImageViewController.m in Sources */,
				181AA541158680F500EA1A9A /* CatagoryView.m in Sources */,
				18D97C9815877AC7004572B4 /* NewEventViewController.m in Sources */,
				18D97CAA15878A58004572B4 /* EGORefreshTableHeaderView.m in Sources */,
				18E3FA5215890FDE00A2D254 /* CustomDatePickerView.m in Sources */,
				1C83111E158A0C21002F2991 /* EventViewCell.m in Sources */,
				18D825FD158CDC7700228845 /* FBFriendView.m in Sources */,
				18D82605158CE03F00228845 /* InviteFriendViewControllerViewController.m in Sources */,
				18D8260A158CE49B00228845 /* InviteTableViewCellCell.m in Sources */,
			);
			runOnlyForDeploymentPostprocessing = 0;
		};
/* End PBXSourcesBuildPhase section */

/* Begin PBXVariantGroup section */
		5DE32FA615814AA900733C0E /* InfoPlist.strings */ = {
			isa = PBXVariantGroup;
			children = (
				5DE32FA715814AA900733C0E /* en */,
			);
			name = InfoPlist.strings;
			sourceTree = "<group>";
		};
/* End PBXVariantGroup section */

/* Begin XCBuildConfiguration section */
		5DE32FAF15814AA900733C0E /* Debug */ = {
			isa = XCBuildConfiguration;
			buildSettings = {
				ALWAYS_SEARCH_USER_PATHS = NO;
				ARCHS = "$(ARCHS_STANDARD_32_BIT)";
				CODE_SIGN_IDENTITY = "iPhone Developer: Tapan Sinha (JQVPP4KWA4)";
				"CODE_SIGN_IDENTITY[sdk=iphoneos*]" = "iPhone Developer: Tapan Sinha (JQVPP4KWA4)";
				COPY_PHASE_STRIP = NO;
				GCC_C_LANGUAGE_STANDARD = gnu99;
				GCC_DYNAMIC_NO_PIC = NO;
				GCC_OPTIMIZATION_LEVEL = 0;
				GCC_PREPROCESSOR_DEFINITIONS = (
					"DEBUG=1",
					"$(inherited)",
				);
				GCC_SYMBOLS_PRIVATE_EXTERN = NO;
				GCC_VERSION = com.apple.compilers.llvm.clang.1_0;
				GCC_WARN_ABOUT_MISSING_PROTOTYPES = YES;
				GCC_WARN_ABOUT_RETURN_TYPE = YES;
				GCC_WARN_UNUSED_VARIABLE = YES;
				IPHONEOS_DEPLOYMENT_TARGET = 5.0;
				PROVISIONING_PROFILE = "537701A1-7B14-446F-9C00-F0692E780A6E";
				"PROVISIONING_PROFILE[sdk=iphoneos*]" = "537701A1-7B14-446F-9C00-F0692E780A6E";
				SDKROOT = iphoneos;
			};
			name = Debug;
		};
		5DE32FB015814AA900733C0E /* Release */ = {
			isa = XCBuildConfiguration;
			buildSettings = {
				ALWAYS_SEARCH_USER_PATHS = NO;
				ARCHS = "$(ARCHS_STANDARD_32_BIT)";
				CODE_SIGN_IDENTITY = "iPhone Developer: Tapan Sinha (JQVPP4KWA4)";
				"CODE_SIGN_IDENTITY[sdk=iphoneos*]" = "iPhone Developer: Tapan Sinha (JQVPP4KWA4)";
				COPY_PHASE_STRIP = YES;
				GCC_C_LANGUAGE_STANDARD = gnu99;
				GCC_VERSION = com.apple.compilers.llvm.clang.1_0;
				GCC_WARN_ABOUT_MISSING_PROTOTYPES = YES;
				GCC_WARN_ABOUT_RETURN_TYPE = YES;
				GCC_WARN_UNUSED_VARIABLE = YES;
				IPHONEOS_DEPLOYMENT_TARGET = 5.0;
				OTHER_CFLAGS = "-DNS_BLOCK_ASSERTIONS=1";
				PROVISIONING_PROFILE = "537701A1-7B14-446F-9C00-F0692E780A6E";
				"PROVISIONING_PROFILE[sdk=iphoneos*]" = "537701A1-7B14-446F-9C00-F0692E780A6E";
				SDKROOT = iphoneos;
				VALIDATE_PRODUCT = YES;
			};
			name = Release;
		};
		5DE32FB215814AA900733C0E /* Debug */ = {
			isa = XCBuildConfiguration;
			buildSettings = {
				CODE_SIGN_IDENTITY = "iPhone Developer: Tapan Sinha (JQVPP4KWA4)";
				"CODE_SIGN_IDENTITY[sdk=iphoneos*]" = "iPhone Developer: Tapan Sinha (JQVPP4KWA4)";
				GCC_PRECOMPILE_PREFIX_HEADER = YES;
				GCC_PREFIX_HEADER = "LivePix/LivePix-Prefix.pch";
				INFOPLIST_FILE = "LivePix/LivePix-Info.plist";
				PRODUCT_NAME = "$(TARGET_NAME)";
				PROVISIONING_PROFILE = "537701A1-7B14-446F-9C00-F0692E780A6E";
				"PROVISIONING_PROFILE[sdk=iphoneos*]" = "537701A1-7B14-446F-9C00-F0692E780A6E";
				WRAPPER_EXTENSION = app;
			};
			name = Debug;
		};
		5DE32FB315814AA900733C0E /* Release */ = {
			isa = XCBuildConfiguration;
			buildSettings = {
				CODE_SIGN_IDENTITY = "iPhone Developer: Tapan Sinha (JQVPP4KWA4)";
				"CODE_SIGN_IDENTITY[sdk=iphoneos*]" = "iPhone Developer: Tapan Sinha (JQVPP4KWA4)";
				GCC_PRECOMPILE_PREFIX_HEADER = YES;
				GCC_PREFIX_HEADER = "LivePix/LivePix-Prefix.pch";
				INFOPLIST_FILE = "LivePix/LivePix-Info.plist";
				PRODUCT_NAME = "$(TARGET_NAME)";
				PROVISIONING_PROFILE = "537701A1-7B14-446F-9C00-F0692E780A6E";
				"PROVISIONING_PROFILE[sdk=iphoneos*]" = "537701A1-7B14-446F-9C00-F0692E780A6E";
				WRAPPER_EXTENSION = app;
			};
			name = Release;
		};
/* End XCBuildConfiguration section */

/* Begin XCConfigurationList section */
		5DE32F9315814AA900733C0E /* Build configuration list for PBXProject "LivePix" */ = {
			isa = XCConfigurationList;
			buildConfigurations = (
				5DE32FAF15814AA900733C0E /* Debug */,
				5DE32FB015814AA900733C0E /* Release */,
			);
			defaultConfigurationIsVisible = 0;
			defaultConfigurationName = Release;
		};
		5DE32FB115814AA900733C0E /* Build configuration list for PBXNativeTarget "LivePix" */ = {
			isa = XCConfigurationList;
			buildConfigurations = (
				5DE32FB215814AA900733C0E /* Debug */,
				5DE32FB315814AA900733C0E /* Release */,
			);
			defaultConfigurationIsVisible = 0;
			defaultConfigurationName = Release;
		};
/* End XCConfigurationList section */
	};
	rootObject = 5DE32F9015814AA900733C0E /* Project object */;
}
